// !$*UTF8*$!
{
	archiveVersion = 1;
	classes = {
	};
	objectVersion = 45;
	objects = {

/* Begin PBXBuildFile section */
		1DDD58160DA1D0A300B32029 /* MainMenu.xib in Resources */ = {isa = PBXBuildFile; fileRef = 1DDD58140DA1D0A300B32029 /* MainMenu.xib */; };
		8D11072B0486CEB800E47090 /* InfoPlist.strings in Resources */ = {isa = PBXBuildFile; fileRef = 089C165CFE840E0CC02AAC07 /* InfoPlist.strings */; };
		8D11072F0486CEB800E47090 /* Cocoa.framework in Frameworks */ = {isa = PBXBuildFile; fileRef = 1058C7A1FEA54F0111CA2CBB /* Cocoa.framework */; };
		8E0423BE10527BAB0036B694 /* SimpleRingBuffer.cpp in Sources */ = {isa = PBXBuildFile; fileRef = 8E0423BD10527BAB0036B694 /* SimpleRingBuffer.cpp */; };
		8E30AF911056E3B800F581BD /* Preferences.xib in Resources */ = {isa = PBXBuildFile; fileRef = 8E30AF8E1056E3B800F581BD /* Preferences.xib */; };
		8E30AF921056E3B800F581BD /* PreferencesWindowController.mm in Sources */ = {isa = PBXBuildFile; fileRef = 8E30AF901056E3B800F581BD /* PreferencesWindowController.mm */; };
		8E30C0841060D43B00F581BD /* ReadPreferences.c in Sources */ = {isa = PBXBuildFile; fileRef = 8E30C0831060D43B00F581BD /* ReadPreferences.c */; };
		8E30C79F1062E46900F581BD /* Vinyl_Red.icns in Resources */ = {isa = PBXBuildFile; fileRef = 8E30C79E1062E46900F581BD /* Vinyl_Red.icns */; };
		8E3ABCAC104AA34D00F2F441 /* AudioFile.cpp in Sources */ = {isa = PBXBuildFile; fileRef = 8E3ABCAB104AA34D00F2F441 /* AudioFile.cpp */; };
		8E3ABCD5104AA60700F2F441 /* AUBuffer.cpp in Sources */ = {isa = PBXBuildFile; fileRef = 8E3ABCD3104AA60700F2F441 /* AUBuffer.cpp */; };
		8E3ABD06104AA6AF00F2F441 /* CADebugMacros.cpp in Sources */ = {isa = PBXBuildFile; fileRef = 8E3ABD05104AA6AF00F2F441 /* CADebugMacros.cpp */; };
		8E708C4710790C3700F23E4B /* CARecord.cpp in Sources */ = {isa = PBXBuildFile; fileRef = 8E708C4510790C3700F23E4B /* CARecord.cpp */; };
		8E708C9D107A5F6D00F23E4B /* SDL.framework in Frameworks */ = {isa = PBXBuildFile; fileRef = 8E708C9B107A5F6D00F23E4B /* SDL.framework */; };
		8E708C9E107A5F6D00F23E4B /* SDL_ttf.framework in Frameworks */ = {isa = PBXBuildFile; fileRef = 8E708C9C107A5F6D00F23E4B /* SDL_ttf.framework */; };
		8E708D2D107A64FE00F23E4B /* SDLMain.m in Sources */ = {isa = PBXBuildFile; fileRef = 8E708D2B107A64FE00F23E4B /* SDLMain.m */; };
		8E708D38107A65DF00F23E4B /* SDL.framework in CopyFiles */ = {isa = PBXBuildFile; fileRef = 8E708C9B107A5F6D00F23E4B /* SDL.framework */; };
		8E708D39107A65DF00F23E4B /* SDL_ttf.framework in CopyFiles */ = {isa = PBXBuildFile; fileRef = 8E708C9C107A5F6D00F23E4B /* SDL_ttf.framework */; };
		8E89431C1040549E00D285B8 /* CAComponent.cpp in Sources */ = {isa = PBXBuildFile; fileRef = 8E89431B1040549E00D285B8 /* CAComponent.cpp */; };
		8E89432F104054F900D285B8 /* CAComponentDescription.cpp in Sources */ = {isa = PBXBuildFile; fileRef = 8E89432E104054F900D285B8 /* CAComponentDescription.cpp */; };
		8E967F12100FAC300074DEEE /* AudioDeviceList.cpp in Sources */ = {isa = PBXBuildFile; fileRef = 8E967F0A100FAC300074DEEE /* AudioDeviceList.cpp */; };
		8E967F14100FAC300074DEEE /* CAPlayThrough.mm in Sources */ = {isa = PBXBuildFile; fileRef = 8E967F0C100FAC300074DEEE /* CAPlayThrough.mm */; };
		8E967F15100FAC300074DEEE /* AudioDevice.cpp in Sources */ = {isa = PBXBuildFile; fileRef = 8E967F0F100FAC300074DEEE /* AudioDevice.cpp */; };
		8E967F4B100FAD130074DEEE /* CAStreamBasicDescription.cpp in Sources */ = {isa = PBXBuildFile; fileRef = 8E967F49100FAD130074DEEE /* CAStreamBasicDescription.cpp */; };
		8E968027100FBE5C0074DEEE /* coreaudio.cpp in Sources */ = {isa = PBXBuildFile; fileRef = 8E968026100FBE5C0074DEEE /* coreaudio.cpp */; };
		8EA3C5BC1016527400FAD50F /* track.c in Sources */ = {isa = PBXBuildFile; fileRef = 8EA3C5A71016527400FAD50F /* track.c */; };
		8EA3C5BD1016527400FAD50F /* xwax.c in Sources */ = {isa = PBXBuildFile; fileRef = 8EA3C5A91016527400FAD50F /* xwax.c */; };
		8EA3C5BE1016527400FAD50F /* timecoder.c in Sources */ = {isa = PBXBuildFile; fileRef = 8EA3C5AB1016527400FAD50F /* timecoder.c */; };
		8EA3C5BF1016527400FAD50F /* rig.c in Sources */ = {isa = PBXBuildFile; fileRef = 8EA3C5AD1016527400FAD50F /* rig.c */; };
		8EA3C5C01016527400FAD50F /* device.c in Sources */ = {isa = PBXBuildFile; fileRef = 8EA3C5AF1016527400FAD50F /* device.c */; };
		8EA3C5C11016527400FAD50F /* player.c in Sources */ = {isa = PBXBuildFile; fileRef = 8EA3C5B01016527400FAD50F /* player.c */; };
		8EA3C5C21016527400FAD50F /* pitch.c in Sources */ = {isa = PBXBuildFile; fileRef = 8EA3C5B11016527400FAD50F /* pitch.c */; };
		8EA3C5C31016527400FAD50F /* listing.c in Sources */ = {isa = PBXBuildFile; fileRef = 8EA3C5B51016527400FAD50F /* listing.c */; };
		8EA3C5C41016527400FAD50F /* library.c in Sources */ = {isa = PBXBuildFile; fileRef = 8EA3C5B71016527400FAD50F /* library.c */; };
		8EA3C5C61016527400FAD50F /* interface.c in Sources */ = {isa = PBXBuildFile; fileRef = 8EA3C5BB1016527400FAD50F /* interface.c */; };
		8EA73509103C8AEB004580FB /* iTunesListing.m in Sources */ = {isa = PBXBuildFile; fileRef = 8EA73508103C8AEB004580FB /* iTunesListing.m */; };
		8EA73589103DBC20004580FB /* ETEyeTunes.m in Sources */ = {isa = PBXBuildFile; fileRef = 8EA7357A103DBC20004580FB /* ETEyeTunes.m */; };
		8EA7358A103DBC20004580FB /* ETTrack.m in Sources */ = {isa = PBXBuildFile; fileRef = 8EA7357C103DBC20004580FB /* ETTrack.m */; };
		8EA7358B103DBC20004580FB /* ETAppleEventObject.m in Sources */ = {isa = PBXBuildFile; fileRef = 8EA7357E103DBC20004580FB /* ETAppleEventObject.m */; };
		8EA7358C103DBC20004580FB /* ETPlaylist.m in Sources */ = {isa = PBXBuildFile; fileRef = 8EA73580103DBC20004580FB /* ETPlaylist.m */; };
		8EA7358D103DBC20004580FB /* ETTrackEnumerator.m in Sources */ = {isa = PBXBuildFile; fileRef = 8EA73582103DBC20004580FB /* ETTrackEnumerator.m */; };
		8EA7358E103DBC20004580FB /* ETPlaylistEnumerator.m in Sources */ = {isa = PBXBuildFile; fileRef = 8EA73584103DBC20004580FB /* ETPlaylistEnumerator.m */; };
		8EA7358F103DBC20004580FB /* ETDebug.m in Sources */ = {isa = PBXBuildFile; fileRef = 8EA73586103DBC20004580FB /* ETDebug.m */; };
		8EA73590103DBC20004580FB /* NSString+LongLongValue.m in Sources */ = {isa = PBXBuildFile; fileRef = 8EA73588103DBC20004580FB /* NSString+LongLongValue.m */; };
		8EB5D0F1100282A400018849 /* CoreAudio.framework in Frameworks */ = {isa = PBXBuildFile; fileRef = 8EB5D0F0100282A400018849 /* CoreAudio.framework */; };
		8EB5D111100282D200018849 /* AudioToolbox.framework in Frameworks */ = {isa = PBXBuildFile; fileRef = 8EB5D10F100282D200018849 /* AudioToolbox.framework */; };
		8EB5D112100282D200018849 /* AudioUnit.framework in Frameworks */ = {isa = PBXBuildFile; fileRef = 8EB5D110100282D200018849 /* AudioUnit.framework */; };
		8EC9482C107D28A300330A36 /* AppHelpers.m in Sources */ = {isa = PBXBuildFile; fileRef = 8EC9482B107D28A300330A36 /* AppHelpers.m */; };
		8EC94832107D2BA800330A36 /* Vera.ttf in Resources */ = {isa = PBXBuildFile; fileRef = 8EC9482F107D2BA800330A36 /* Vera.ttf */; };
		8EC94833107D2BA800330A36 /* VeraIt.ttf in Resources */ = {isa = PBXBuildFile; fileRef = 8EC94830107D2BA800330A36 /* VeraIt.ttf */; };
		8EC94834107D2BA800330A36 /* VeraMono.ttf in Resources */ = {isa = PBXBuildFile; fileRef = 8EC94831107D2BA800330A36 /* VeraMono.ttf */; };
		8ED0B3D210401C2A002AF97C /* AUWindowController.mm in Sources */ = {isa = PBXBuildFile; fileRef = 8ED0B3D110401C2A002AF97C /* AUWindowController.mm */; };
		8ED0B3DB10401D26002AF97C /* AUWindow.xib in Resources */ = {isa = PBXBuildFile; fileRef = 8ED0B3DA10401D26002AF97C /* AUWindow.xib */; };
		8ED0B4481040395F002AF97C /* CoreAudioKit.framework in Frameworks */ = {isa = PBXBuildFile; fileRef = 8ED0B4471040395F002AF97C /* CoreAudioKit.framework */; };
		8EF1B402106398800062954C /* IOKit.framework in Frameworks */ = {isa = PBXBuildFile; fileRef = 8EF1B401106398800062954C /* IOKit.framework */; };
		8EF1B408106398CA0062954C /* QTKit.framework in Frameworks */ = {isa = PBXBuildFile; fileRef = 8EF1B406106398CA0062954C /* QTKit.framework */; };
		8EF1B409106398CA0062954C /* QuickTime.framework in Frameworks */ = {isa = PBXBuildFile; fileRef = 8EF1B407106398CA0062954C /* QuickTime.framework */; };
		8EF1B477106399F40062954C /* OpenGL.framework in Frameworks */ = {isa = PBXBuildFile; fileRef = 8EF1B476106399F40062954C /* OpenGL.framework */; };
		8EF1B47C10639A890062954C /* Carbon.framework in Frameworks */ = {isa = PBXBuildFile; fileRef = 8EF1B47B10639A890062954C /* Carbon.framework */; };
/* End PBXBuildFile section */

/* Begin PBXCopyFilesBuildPhase section */
		8E708D37107A659900F23E4B /* CopyFiles */ = {
			isa = PBXCopyFilesBuildPhase;
			buildActionMask = 2147483647;
			dstPath = "";
			dstSubfolderSpec = 10;
			files = (
				8E708D38107A65DF00F23E4B /* SDL.framework in CopyFiles */,
				8E708D39107A65DF00F23E4B /* SDL_ttf.framework in CopyFiles */,
			);
			runOnlyForDeploymentPostprocessing = 0;
		};
/* End PBXCopyFilesBuildPhase section */

/* Begin PBXFileReference section */
		089C165DFE840E0CC02AAC07 /* English */ = {isa = PBXFileReference; fileEncoding = 10; lastKnownFileType = text.plist.strings; name = English; path = English.lproj/InfoPlist.strings; sourceTree = "<group>"; };
		1058C7A1FEA54F0111CA2CBB /* Cocoa.framework */ = {isa = PBXFileReference; lastKnownFileType = wrapper.framework; name = Cocoa.framework; path = /System/Library/Frameworks/Cocoa.framework; sourceTree = "<absolute>"; };
		13E42FB307B3F0F600E4EEF1 /* CoreData.framework */ = {isa = PBXFileReference; lastKnownFileType = wrapper.framework; name = CoreData.framework; path = /System/Library/Frameworks/CoreData.framework; sourceTree = "<absolute>"; };
		1DDD58150DA1D0A300B32029 /* English */ = {isa = PBXFileReference; lastKnownFileType = file.xib; name = English; path = English.lproj/MainMenu.xib; sourceTree = "<group>"; };
		29B97324FDCFA39411CA2CEA /* AppKit.framework */ = {isa = PBXFileReference; lastKnownFileType = wrapper.framework; name = AppKit.framework; path = /System/Library/Frameworks/AppKit.framework; sourceTree = "<absolute>"; };
		29B97325FDCFA39411CA2CEA /* Foundation.framework */ = {isa = PBXFileReference; lastKnownFileType = wrapper.framework; name = Foundation.framework; path = /System/Library/Frameworks/Foundation.framework; sourceTree = "<absolute>"; };
		32CA4F630368D1EE00C91783 /* xwaxMac_Prefix.pch */ = {isa = PBXFileReference; fileEncoding = 4; lastKnownFileType = sourcecode.c.h; path = xwaxMac_Prefix.pch; sourceTree = "<group>"; };
		8D1107310486CEB800E47090 /* Info.plist */ = {isa = PBXFileReference; fileEncoding = 4; lastKnownFileType = text.plist.xml; path = Info.plist; sourceTree = "<group>"; };
		8D1107320486CEB800E47090 /* xwaxMac.app */ = {isa = PBXFileReference; explicitFileType = wrapper.application; includeInIndex = 0; path = xwaxMac.app; sourceTree = BUILT_PRODUCTS_DIR; };
		8E042032105051E20036B694 /* options.h */ = {isa = PBXFileReference; fileEncoding = 4; lastKnownFileType = sourcecode.c.h; path = options.h; sourceTree = "<group>"; };
		8E0423BC10527BAB0036B694 /* SimpleRingBuffer.h */ = {isa = PBXFileReference; fileEncoding = 4; lastKnownFileType = sourcecode.c.h; path = SimpleRingBuffer.h; sourceTree = "<group>"; };
		8E0423BD10527BAB0036B694 /* SimpleRingBuffer.cpp */ = {isa = PBXFileReference; fileEncoding = 4; lastKnownFileType = sourcecode.cpp.cpp; path = SimpleRingBuffer.cpp; sourceTree = "<group>"; };
		8E30AF8E1056E3B800F581BD /* Preferences.xib */ = {isa = PBXFileReference; lastKnownFileType = file.xib; path = Preferences.xib; sourceTree = "<group>"; };
		8E30AF8F1056E3B800F581BD /* PreferencesWindowController.h */ = {isa = PBXFileReference; fileEncoding = 4; lastKnownFileType = sourcecode.c.h; path = PreferencesWindowController.h; sourceTree = "<group>"; };
		8E30AF901056E3B800F581BD /* PreferencesWindowController.mm */ = {isa = PBXFileReference; fileEncoding = 4; lastKnownFileType = sourcecode.cpp.objcpp; path = PreferencesWindowController.mm; sourceTree = "<group>"; };
		8E30C0821060D43B00F581BD /* ReadPreferences.h */ = {isa = PBXFileReference; fileEncoding = 4; lastKnownFileType = sourcecode.c.h; path = ReadPreferences.h; sourceTree = "<group>"; };
		8E30C0831060D43B00F581BD /* ReadPreferences.c */ = {isa = PBXFileReference; fileEncoding = 4; lastKnownFileType = sourcecode.c.c; path = ReadPreferences.c; sourceTree = "<group>"; };
		8E30C79E1062E46900F581BD /* Vinyl_Red.icns */ = {isa = PBXFileReference; lastKnownFileType = image.icns; path = Vinyl_Red.icns; sourceTree = "<group>"; };
		8E3ABCAA104AA34D00F2F441 /* AudioFile.h */ = {isa = PBXFileReference; fileEncoding = 4; lastKnownFileType = sourcecode.c.h; path = AudioFile.h; sourceTree = "<group>"; };
		8E3ABCAB104AA34D00F2F441 /* AudioFile.cpp */ = {isa = PBXFileReference; fileEncoding = 4; lastKnownFileType = sourcecode.cpp.cpp; path = AudioFile.cpp; sourceTree = "<group>"; };
		8E3ABCD3104AA60700F2F441 /* AUBuffer.cpp */ = {isa = PBXFileReference; fileEncoding = 4; lastKnownFileType = sourcecode.cpp.cpp; name = AUBuffer.cpp; path = Examples/CoreAudio/AudioUnits/AUPublic/Utility/AUBuffer.cpp; sourceTree = DEVELOPER_DIR; };
		8E3ABCD4104AA60700F2F441 /* AUBuffer.h */ = {isa = PBXFileReference; fileEncoding = 4; lastKnownFileType = sourcecode.c.h; name = AUBuffer.h; path = Examples/CoreAudio/AudioUnits/AUPublic/Utility/AUBuffer.h; sourceTree = DEVELOPER_DIR; };
		8E3ABD04104AA6AF00F2F441 /* CADebugMacros.h */ = {isa = PBXFileReference; fileEncoding = 4; lastKnownFileType = sourcecode.c.h; name = CADebugMacros.h; path = Examples/CoreAudio/PublicUtility/CADebugMacros.h; sourceTree = DEVELOPER_DIR; };
		8E3ABD05104AA6AF00F2F441 /* CADebugMacros.cpp */ = {isa = PBXFileReference; fileEncoding = 4; lastKnownFileType = sourcecode.cpp.cpp; name = CADebugMacros.cpp; path = Examples/CoreAudio/PublicUtility/CADebugMacros.cpp; sourceTree = DEVELOPER_DIR; };
		8E708C4510790C3700F23E4B /* CARecord.cpp */ = {isa = PBXFileReference; fileEncoding = 4; lastKnownFileType = sourcecode.cpp.cpp; path = CARecord.cpp; sourceTree = "<group>"; };
		8E708C4610790C3700F23E4B /* CARecord.h */ = {isa = PBXFileReference; fileEncoding = 4; lastKnownFileType = sourcecode.c.h; path = CARecord.h; sourceTree = "<group>"; };
		8E708C9B107A5F6D00F23E4B /* SDL.framework */ = {isa = PBXFileReference; explicitFileType = wrapper.framework; name = SDL.framework; path = /Library/Frameworks/SDL.framework; sourceTree = "<absolute>"; };
		8E708C9C107A5F6D00F23E4B /* SDL_ttf.framework */ = {isa = PBXFileReference; explicitFileType = wrapper.framework; name = SDL_ttf.framework; path = /Library/Frameworks/SDL_ttf.framework; sourceTree = "<absolute>"; };
		8E708D2B107A64FE00F23E4B /* SDLMain.m */ = {isa = PBXFileReference; fileEncoding = 4; lastKnownFileType = sourcecode.c.objc; path = SDLMain.m; sourceTree = "<group>"; };
		8E708D2C107A64FE00F23E4B /* SDLMain.h */ = {isa = PBXFileReference; fileEncoding = 4; lastKnownFileType = sourcecode.c.h; path = SDLMain.h; sourceTree = "<group>"; };
		8E89431A1040549E00D285B8 /* CAComponent.h */ = {isa = PBXFileReference; fileEncoding = 4; lastKnownFileType = sourcecode.c.h; name = CAComponent.h; path = Examples/CoreAudio/PublicUtility/CAComponent.h; sourceTree = DEVELOPER_DIR; };
		8E89431B1040549E00D285B8 /* CAComponent.cpp */ = {isa = PBXFileReference; fileEncoding = 4; lastKnownFileType = sourcecode.cpp.cpp; name = CAComponent.cpp; path = Examples/CoreAudio/PublicUtility/CAComponent.cpp; sourceTree = DEVELOPER_DIR; };
		8E89432D104054F900D285B8 /* CAComponentDescription.h */ = {isa = PBXFileReference; fileEncoding = 4; lastKnownFileType = sourcecode.c.h; name = CAComponentDescription.h; path = Examples/CoreAudio/PublicUtility/CAComponentDescription.h; sourceTree = DEVELOPER_DIR; };
		8E89432E104054F900D285B8 /* CAComponentDescription.cpp */ = {isa = PBXFileReference; fileEncoding = 4; lastKnownFileType = sourcecode.cpp.cpp; name = CAComponentDescription.cpp; path = Examples/CoreAudio/PublicUtility/CAComponentDescription.cpp; sourceTree = DEVELOPER_DIR; };
		8E967F09100FAC300074DEEE /* CAPlayThrough.h */ = {isa = PBXFileReference; fileEncoding = 4; lastKnownFileType = sourcecode.c.h; name = CAPlayThrough.h; path = coreaudio/CAPlayThrough.h; sourceTree = "<group>"; };
		8E967F0A100FAC300074DEEE /* AudioDeviceList.cpp */ = {isa = PBXFileReference; fileEncoding = 4; lastKnownFileType = sourcecode.cpp.cpp; name = AudioDeviceList.cpp; path = coreaudio/AudioDeviceList.cpp; sourceTree = "<group>"; };
		8E967F0C100FAC300074DEEE /* CAPlayThrough.mm */ = {isa = PBXFileReference; fileEncoding = 4; lastKnownFileType = sourcecode.cpp.objcpp; name = CAPlayThrough.mm; path = coreaudio/CAPlayThrough.mm; sourceTree = "<group>"; };
		8E967F0D100FAC300074DEEE /* CAPlayThroughController.h */ = {isa = PBXFileReference; fileEncoding = 4; lastKnownFileType = sourcecode.c.h; name = CAPlayThroughController.h; path = coreaudio/CAPlayThroughController.h; sourceTree = "<group>"; };
		8E967F0E100FAC300074DEEE /* AudioDeviceList.h */ = {isa = PBXFileReference; fileEncoding = 4; lastKnownFileType = sourcecode.c.h; name = AudioDeviceList.h; path = coreaudio/AudioDeviceList.h; sourceTree = "<group>"; };
		8E967F0F100FAC300074DEEE /* AudioDevice.cpp */ = {isa = PBXFileReference; fileEncoding = 4; lastKnownFileType = sourcecode.cpp.cpp; name = AudioDevice.cpp; path = coreaudio/AudioDevice.cpp; sourceTree = "<group>"; };
		8E967F10100FAC300074DEEE /* AudioDevice.h */ = {isa = PBXFileReference; fileEncoding = 4; lastKnownFileType = sourcecode.c.h; name = AudioDevice.h; path = coreaudio/AudioDevice.h; sourceTree = "<group>"; };
		8E967F48100FAD130074DEEE /* CABitOperations.h */ = {isa = PBXFileReference; fileEncoding = 4; lastKnownFileType = sourcecode.c.h; name = CABitOperations.h; path = Examples/CoreAudio/PublicUtility/CABitOperations.h; sourceTree = DEVELOPER_DIR; };
		8E967F49100FAD130074DEEE /* CAStreamBasicDescription.cpp */ = {isa = PBXFileReference; fileEncoding = 4; lastKnownFileType = sourcecode.cpp.cpp; name = CAStreamBasicDescription.cpp; path = Examples/CoreAudio/PublicUtility/CAStreamBasicDescription.cpp; sourceTree = DEVELOPER_DIR; };
		8E967F4A100FAD130074DEEE /* CAStreamBasicDescription.h */ = {isa = PBXFileReference; fileEncoding = 4; lastKnownFileType = sourcecode.c.h; name = CAStreamBasicDescription.h; path = Examples/CoreAudio/PublicUtility/CAStreamBasicDescription.h; sourceTree = DEVELOPER_DIR; };
		8E968025100FBE5C0074DEEE /* coreaudio.h */ = {isa = PBXFileReference; fileEncoding = 4; lastKnownFileType = sourcecode.c.h; path = coreaudio.h; sourceTree = "<group>"; };
		8E968026100FBE5C0074DEEE /* coreaudio.cpp */ = {isa = PBXFileReference; fileEncoding = 4; lastKnownFileType = sourcecode.cpp.cpp; path = coreaudio.cpp; sourceTree = "<group>"; };
		8EA3C5A61016527400FAD50F /* xwax.h */ = {isa = PBXFileReference; fileEncoding = 4; lastKnownFileType = sourcecode.c.h; name = xwax.h; path = "xwax-0.5/xwax.h"; sourceTree = "<group>"; };
		8EA3C5A71016527400FAD50F /* track.c */ = {isa = PBXFileReference; fileEncoding = 4; lastKnownFileType = sourcecode.c.c; name = track.c; path = "xwax-0.5/track.c"; sourceTree = "<group>"; };
		8EA3C5A81016527400FAD50F /* track.h */ = {isa = PBXFileReference; fileEncoding = 4; lastKnownFileType = sourcecode.c.h; name = track.h; path = "xwax-0.5/track.h"; sourceTree = "<group>"; };
		8EA3C5A91016527400FAD50F /* xwax.c */ = {isa = PBXFileReference; fileEncoding = 4; lastKnownFileType = sourcecode.c.c; name = xwax.c; path = "xwax-0.5/xwax.c"; sourceTree = "<group>"; };
		8EA3C5AA1016527400FAD50F /* timecoder.h */ = {isa = PBXFileReference; fileEncoding = 4; lastKnownFileType = sourcecode.c.h; name = timecoder.h; path = "xwax-0.5/timecoder.h"; sourceTree = "<group>"; };
		8EA3C5AB1016527400FAD50F /* timecoder.c */ = {isa = PBXFileReference; fileEncoding = 4; lastKnownFileType = sourcecode.c.c; name = timecoder.c; path = "xwax-0.5/timecoder.c"; sourceTree = "<group>"; };
		8EA3C5AC1016527400FAD50F /* rig.h */ = {isa = PBXFileReference; fileEncoding = 4; lastKnownFileType = sourcecode.c.h; name = rig.h; path = "xwax-0.5/rig.h"; sourceTree = "<group>"; };
		8EA3C5AD1016527400FAD50F /* rig.c */ = {isa = PBXFileReference; fileEncoding = 4; lastKnownFileType = sourcecode.c.c; name = rig.c; path = "xwax-0.5/rig.c"; sourceTree = "<group>"; };
		8EA3C5AE1016527400FAD50F /* player.h */ = {isa = PBXFileReference; fileEncoding = 4; lastKnownFileType = sourcecode.c.h; name = player.h; path = "xwax-0.5/player.h"; sourceTree = "<group>"; };
		8EA3C5AF1016527400FAD50F /* device.c */ = {isa = PBXFileReference; fileEncoding = 4; lastKnownFileType = sourcecode.c.c; name = device.c; path = "xwax-0.5/device.c"; sourceTree = "<group>"; };
		8EA3C5B01016527400FAD50F /* player.c */ = {isa = PBXFileReference; fileEncoding = 4; lastKnownFileType = sourcecode.c.c; name = player.c; path = "xwax-0.5/player.c"; sourceTree = "<group>"; };
		8EA3C5B11016527400FAD50F /* pitch.c */ = {isa = PBXFileReference; fileEncoding = 4; lastKnownFileType = sourcecode.c.c; name = pitch.c; path = "xwax-0.5/pitch.c"; sourceTree = "<group>"; };
		8EA3C5B21016527400FAD50F /* pitch.h */ = {isa = PBXFileReference; fileEncoding = 4; lastKnownFileType = sourcecode.c.h; name = pitch.h; path = "xwax-0.5/pitch.h"; sourceTree = "<group>"; };
		8EA3C5B31016527400FAD50F /* listing.h */ = {isa = PBXFileReference; fileEncoding = 4; lastKnownFileType = sourcecode.c.h; name = listing.h; path = "xwax-0.5/listing.h"; sourceTree = "<group>"; };
		8EA3C5B41016527400FAD50F /* interface.h */ = {isa = PBXFileReference; fileEncoding = 4; lastKnownFileType = sourcecode.c.h; name = interface.h; path = "xwax-0.5/interface.h"; sourceTree = "<group>"; };
		8EA3C5B51016527400FAD50F /* listing.c */ = {isa = PBXFileReference; fileEncoding = 4; lastKnownFileType = sourcecode.c.c; name = listing.c; path = "xwax-0.5/listing.c"; sourceTree = "<group>"; };
		8EA3C5B61016527400FAD50F /* library.h */ = {isa = PBXFileReference; fileEncoding = 4; lastKnownFileType = sourcecode.c.h; name = library.h; path = "xwax-0.5/library.h"; sourceTree = "<group>"; };
		8EA3C5B71016527400FAD50F /* library.c */ = {isa = PBXFileReference; fileEncoding = 4; lastKnownFileType = sourcecode.c.c; name = library.c; path = "xwax-0.5/library.c"; sourceTree = "<group>"; };
		8EA3C5BA1016527400FAD50F /* device.h */ = {isa = PBXFileReference; fileEncoding = 4; lastKnownFileType = sourcecode.c.h; name = device.h; path = "xwax-0.5/device.h"; sourceTree = "<group>"; };
		8EA3C5BB1016527400FAD50F /* interface.c */ = {isa = PBXFileReference; fileEncoding = 4; lastKnownFileType = sourcecode.c.c; name = interface.c; path = "xwax-0.5/interface.c"; sourceTree = "<group>"; };
		8EA73507103C8AEB004580FB /* iTunesListing.h */ = {isa = PBXFileReference; fileEncoding = 4; lastKnownFileType = sourcecode.c.h; path = iTunesListing.h; sourceTree = "<group>"; };
		8EA73508103C8AEB004580FB /* iTunesListing.m */ = {isa = PBXFileReference; fileEncoding = 4; lastKnownFileType = sourcecode.c.objc; path = iTunesListing.m; sourceTree = "<group>"; };
		8EA73576103DBC20004580FB /* EyeTunesVersions.h */ = {isa = PBXFileReference; fileEncoding = 4; lastKnownFileType = sourcecode.c.h; path = EyeTunesVersions.h; sourceTree = "<group>"; };
		8EA73577103DBC20004580FB /* EyeTunesEventCodes.h */ = {isa = PBXFileReference; fileEncoding = 4; lastKnownFileType = sourcecode.c.h; path = EyeTunesEventCodes.h; sourceTree = "<group>"; };
		8EA73578103DBC20004580FB /* EyeTunes.h */ = {isa = PBXFileReference; fileEncoding = 4; lastKnownFileType = sourcecode.c.h; path = EyeTunes.h; sourceTree = "<group>"; };
		8EA73579103DBC20004580FB /* ETEyeTunes.h */ = {isa = PBXFileReference; fileEncoding = 4; lastKnownFileType = sourcecode.c.h; path = ETEyeTunes.h; sourceTree = "<group>"; };
		8EA7357A103DBC20004580FB /* ETEyeTunes.m */ = {isa = PBXFileReference; fileEncoding = 4; lastKnownFileType = sourcecode.c.objc; path = ETEyeTunes.m; sourceTree = "<group>"; };
		8EA7357B103DBC20004580FB /* ETTrack.h */ = {isa = PBXFileReference; fileEncoding = 4; lastKnownFileType = sourcecode.c.h; path = ETTrack.h; sourceTree = "<group>"; };
		8EA7357C103DBC20004580FB /* ETTrack.m */ = {isa = PBXFileReference; fileEncoding = 4; lastKnownFileType = sourcecode.c.objc; path = ETTrack.m; sourceTree = "<group>"; };
		8EA7357D103DBC20004580FB /* ETAppleEventObject.h */ = {isa = PBXFileReference; fileEncoding = 4; lastKnownFileType = sourcecode.c.h; path = ETAppleEventObject.h; sourceTree = "<group>"; };
		8EA7357E103DBC20004580FB /* ETAppleEventObject.m */ = {isa = PBXFileReference; fileEncoding = 4; lastKnownFileType = sourcecode.c.objc; path = ETAppleEventObject.m; sourceTree = "<group>"; };
		8EA7357F103DBC20004580FB /* ETPlaylist.h */ = {isa = PBXFileReference; fileEncoding = 4; lastKnownFileType = sourcecode.c.h; path = ETPlaylist.h; sourceTree = "<group>"; };
		8EA73580103DBC20004580FB /* ETPlaylist.m */ = {isa = PBXFileReference; fileEncoding = 4; lastKnownFileType = sourcecode.c.objc; path = ETPlaylist.m; sourceTree = "<group>"; };
		8EA73581103DBC20004580FB /* ETTrackEnumerator.h */ = {isa = PBXFileReference; fileEncoding = 4; lastKnownFileType = sourcecode.c.h; path = ETTrackEnumerator.h; sourceTree = "<group>"; };
		8EA73582103DBC20004580FB /* ETTrackEnumerator.m */ = {isa = PBXFileReference; fileEncoding = 4; lastKnownFileType = sourcecode.c.objc; path = ETTrackEnumerator.m; sourceTree = "<group>"; };
		8EA73583103DBC20004580FB /* ETPlaylistEnumerator.h */ = {isa = PBXFileReference; fileEncoding = 4; lastKnownFileType = sourcecode.c.h; path = ETPlaylistEnumerator.h; sourceTree = "<group>"; };
		8EA73584103DBC20004580FB /* ETPlaylistEnumerator.m */ = {isa = PBXFileReference; fileEncoding = 4; lastKnownFileType = sourcecode.c.objc; path = ETPlaylistEnumerator.m; sourceTree = "<group>"; };
		8EA73585103DBC20004580FB /* ETDebug.h */ = {isa = PBXFileReference; fileEncoding = 4; lastKnownFileType = sourcecode.c.h; path = ETDebug.h; sourceTree = "<group>"; };
		8EA73586103DBC20004580FB /* ETDebug.m */ = {isa = PBXFileReference; fileEncoding = 4; lastKnownFileType = sourcecode.c.objc; path = ETDebug.m; sourceTree = "<group>"; };
		8EA73587103DBC20004580FB /* NSString+LongLongValue.h */ = {isa = PBXFileReference; fileEncoding = 4; lastKnownFileType = sourcecode.c.h; path = "NSString+LongLongValue.h"; sourceTree = "<group>"; };
		8EA73588103DBC20004580FB /* NSString+LongLongValue.m */ = {isa = PBXFileReference; fileEncoding = 4; lastKnownFileType = sourcecode.c.objc; path = "NSString+LongLongValue.m"; sourceTree = "<group>"; };
		8EB5D0F0100282A400018849 /* CoreAudio.framework */ = {isa = PBXFileReference; lastKnownFileType = wrapper.framework; name = CoreAudio.framework; path = /System/Library/Frameworks/CoreAudio.framework; sourceTree = "<absolute>"; };
		8EB5D10F100282D200018849 /* AudioToolbox.framework */ = {isa = PBXFileReference; lastKnownFileType = wrapper.framework; name = AudioToolbox.framework; path = /System/Library/Frameworks/AudioToolbox.framework; sourceTree = "<absolute>"; };
		8EB5D110100282D200018849 /* AudioUnit.framework */ = {isa = PBXFileReference; lastKnownFileType = wrapper.framework; name = AudioUnit.framework; path = /System/Library/Frameworks/AudioUnit.framework; sourceTree = "<absolute>"; };
		8EC9482A107D28A300330A36 /* AppHelpers.h */ = {isa = PBXFileReference; fileEncoding = 4; lastKnownFileType = sourcecode.c.h; path = AppHelpers.h; sourceTree = "<group>"; };
		8EC9482B107D28A300330A36 /* AppHelpers.m */ = {isa = PBXFileReference; fileEncoding = 4; lastKnownFileType = sourcecode.c.objc; path = AppHelpers.m; sourceTree = "<group>"; };
		8EC9482F107D2BA800330A36 /* Vera.ttf */ = {isa = PBXFileReference; explicitFileType = file; name = Vera.ttf; path = /usr/X11/lib/X11/fonts/TTF/Vera.ttf; sourceTree = "<absolute>"; };
		8EC94830107D2BA800330A36 /* VeraIt.ttf */ = {isa = PBXFileReference; explicitFileType = file; name = VeraIt.ttf; path = /usr/X11/lib/X11/fonts/TTF/VeraIt.ttf; sourceTree = "<absolute>"; };
		8EC94831107D2BA800330A36 /* VeraMono.ttf */ = {isa = PBXFileReference; lastKnownFileType = file; name = VeraMono.ttf; path = /usr/X11/lib/X11/fonts/TTF/VeraMono.ttf; sourceTree = "<absolute>"; };
		8ED0B3D010401C2A002AF97C /* AUWindowController.h */ = {isa = PBXFileReference; fileEncoding = 4; lastKnownFileType = sourcecode.c.h; path = AUWindowController.h; sourceTree = "<group>"; };
		8ED0B3D110401C2A002AF97C /* AUWindowController.mm */ = {isa = PBXFileReference; fileEncoding = 4; lastKnownFileType = sourcecode.cpp.objcpp; path = AUWindowController.mm; sourceTree = "<group>"; };
		8ED0B3DA10401D26002AF97C /* AUWindow.xib */ = {isa = PBXFileReference; lastKnownFileType = file.xib; path = AUWindow.xib; sourceTree = "<group>"; };
		8ED0B4471040395F002AF97C /* CoreAudioKit.framework */ = {isa = PBXFileReference; lastKnownFileType = wrapper.framework; name = CoreAudioKit.framework; path = /System/Library/Frameworks/CoreAudioKit.framework; sourceTree = "<absolute>"; };
		8EF1B401106398800062954C /* IOKit.framework */ = {isa = PBXFileReference; lastKnownFileType = wrapper.framework; name = IOKit.framework; path = /System/Library/Frameworks/IOKit.framework; sourceTree = "<absolute>"; };
		8EF1B406106398CA0062954C /* QTKit.framework */ = {isa = PBXFileReference; lastKnownFileType = wrapper.framework; name = QTKit.framework; path = /System/Library/Frameworks/QTKit.framework; sourceTree = "<absolute>"; };
		8EF1B407106398CA0062954C /* QuickTime.framework */ = {isa = PBXFileReference; lastKnownFileType = wrapper.framework; name = QuickTime.framework; path = /System/Library/Frameworks/QuickTime.framework; sourceTree = "<absolute>"; };
		8EF1B476106399F40062954C /* OpenGL.framework */ = {isa = PBXFileReference; lastKnownFileType = wrapper.framework; name = OpenGL.framework; path = /System/Library/Frameworks/OpenGL.framework; sourceTree = "<absolute>"; };
		8EF1B47B10639A890062954C /* Carbon.framework */ = {isa = PBXFileReference; lastKnownFileType = wrapper.framework; name = Carbon.framework; path = /System/Library/Frameworks/Carbon.framework; sourceTree = "<absolute>"; };
/* End PBXFileReference section */

/* Begin PBXFrameworksBuildPhase section */
		8D11072E0486CEB800E47090 /* Frameworks */ = {
			isa = PBXFrameworksBuildPhase;
			buildActionMask = 2147483647;
			files = (
				8D11072F0486CEB800E47090 /* Cocoa.framework in Frameworks */,
				8EB5D0F1100282A400018849 /* CoreAudio.framework in Frameworks */,
				8EB5D111100282D200018849 /* AudioToolbox.framework in Frameworks */,
				8EB5D112100282D200018849 /* AudioUnit.framework in Frameworks */,
				8ED0B4481040395F002AF97C /* CoreAudioKit.framework in Frameworks */,
				8EF1B402106398800062954C /* IOKit.framework in Frameworks */,
				8EF1B408106398CA0062954C /* QTKit.framework in Frameworks */,
				8EF1B409106398CA0062954C /* QuickTime.framework in Frameworks */,
				8EF1B477106399F40062954C /* OpenGL.framework in Frameworks */,
				8EF1B47C10639A890062954C /* Carbon.framework in Frameworks */,
				8E708C9D107A5F6D00F23E4B /* SDL.framework in Frameworks */,
				8E708C9E107A5F6D00F23E4B /* SDL_ttf.framework in Frameworks */,
			);
			runOnlyForDeploymentPostprocessing = 0;
		};
/* End PBXFrameworksBuildPhase section */

/* Begin PBXGroup section */
		080E96DDFE201D6D7F000001 /* Classes */ = {
			isa = PBXGroup;
			children = (
				8E708CA9107A5F8F00F23E4B /* SDL */,
				8E967F40100FACB50074DEEE /* PublicUtility */,
			);
			name = Classes;
			sourceTree = "<group>";
		};
		1058C7A0FEA54F0111CA2CBB /* Linked Frameworks */ = {
			isa = PBXGroup;
			children = (
				8E708C9B107A5F6D00F23E4B /* SDL.framework */,
				8E708C9C107A5F6D00F23E4B /* SDL_ttf.framework */,
				1058C7A1FEA54F0111CA2CBB /* Cocoa.framework */,
			);
			name = "Linked Frameworks";
			sourceTree = "<group>";
		};
		1058C7A2FEA54F0111CA2CBB /* Other Frameworks */ = {
			isa = PBXGroup;
			children = (
				8EF1B47B10639A890062954C /* Carbon.framework */,
				8EF1B476106399F40062954C /* OpenGL.framework */,
				8EF1B406106398CA0062954C /* QTKit.framework */,
				8EF1B407106398CA0062954C /* QuickTime.framework */,
				8EF1B401106398800062954C /* IOKit.framework */,
				8ED0B4471040395F002AF97C /* CoreAudioKit.framework */,
				8EB5D10F100282D200018849 /* AudioToolbox.framework */,
				8EB5D110100282D200018849 /* AudioUnit.framework */,
				8EB5D0F0100282A400018849 /* CoreAudio.framework */,
				29B97324FDCFA39411CA2CEA /* AppKit.framework */,
				13E42FB307B3F0F600E4EEF1 /* CoreData.framework */,
				29B97325FDCFA39411CA2CEA /* Foundation.framework */,
			);
			name = "Other Frameworks";
			sourceTree = "<group>";
		};
		19C28FACFE9D520D11CA2CBB /* Products */ = {
			isa = PBXGroup;
			children = (
				8D1107320486CEB800E47090 /* xwaxMac.app */,
			);
			name = Products;
			sourceTree = "<group>";
		};
		29B97314FDCFA39411CA2CEA /* xwaxMac */ = {
			isa = PBXGroup;
			children = (
				080E96DDFE201D6D7F000001 /* Classes */,
				29B97315FDCFA39411CA2CEA /* Other Sources */,
				29B97317FDCFA39411CA2CEA /* Resources */,
				29B97323FDCFA39411CA2CEA /* Frameworks */,
				19C28FACFE9D520D11CA2CBB /* Products */,
			);
			name = xwaxMac;
			sourceTree = "<group>";
		};
		29B97315FDCFA39411CA2CEA /* Other Sources */ = {
			isa = PBXGroup;
			children = (
				8E30AF8D1056E3A400F581BD /* Interface */,
				8ED0B3CF10401BFA002AF97C /* AU Window */,
				8EA73575103DBBEB004580FB /* EyeTunes */,
				8EA73504103C8A87004580FB /* iTunesListing */,
				8E967F03100FAC1B0074DEEE /* coreaudio */,
				8EB5CFC510027E9F00018849 /* xwax */,
				32CA4F630368D1EE00C91783 /* xwaxMac_Prefix.pch */,
			);
			name = "Other Sources";
			sourceTree = "<group>";
		};
		29B97317FDCFA39411CA2CEA /* Resources */ = {
			isa = PBXGroup;
			children = (
				8EC9482F107D2BA800330A36 /* Vera.ttf */,
				8EC94830107D2BA800330A36 /* VeraIt.ttf */,
				8EC94831107D2BA800330A36 /* VeraMono.ttf */,
				8E30C79E1062E46900F581BD /* Vinyl_Red.icns */,
				8D1107310486CEB800E47090 /* Info.plist */,
				089C165CFE840E0CC02AAC07 /* InfoPlist.strings */,
				1DDD58140DA1D0A300B32029 /* MainMenu.xib */,
			);
			name = Resources;
			sourceTree = "<group>";
		};
		29B97323FDCFA39411CA2CEA /* Frameworks */ = {
			isa = PBXGroup;
			children = (
				1058C7A0FEA54F0111CA2CBB /* Linked Frameworks */,
				1058C7A2FEA54F0111CA2CBB /* Other Frameworks */,
			);
			name = Frameworks;
			sourceTree = "<group>";
		};
		8E30AF8D1056E3A400F581BD /* Interface */ = {
			isa = PBXGroup;
			children = (
				8EC9482A107D28A300330A36 /* AppHelpers.h */,
				8EC9482B107D28A300330A36 /* AppHelpers.m */,
				8E30AF8E1056E3B800F581BD /* Preferences.xib */,
				8E30AF8F1056E3B800F581BD /* PreferencesWindowController.h */,
				8E30AF901056E3B800F581BD /* PreferencesWindowController.mm */,
				8E30C0821060D43B00F581BD /* ReadPreferences.h */,
				8E30C0831060D43B00F581BD /* ReadPreferences.c */,
			);
			name = Interface;
			sourceTree = "<group>";
		};
		8E708CA9107A5F8F00F23E4B /* SDL */ = {
			isa = PBXGroup;
			children = (
				8E708D2B107A64FE00F23E4B /* SDLMain.m */,
				8E708D2C107A64FE00F23E4B /* SDLMain.h */,
			);
			name = SDL;
			sourceTree = "<group>";
		};
		8E967F03100FAC1B0074DEEE /* coreaudio */ = {
			isa = PBXGroup;
			children = (
				8E708C4510790C3700F23E4B /* CARecord.cpp */,
				8E708C4610790C3700F23E4B /* CARecord.h */,
				8E967F0E100FAC300074DEEE /* AudioDeviceList.h */,
				8E967F0A100FAC300074DEEE /* AudioDeviceList.cpp */,
				8E967F09100FAC300074DEEE /* CAPlayThrough.h */,
				8E967F0C100FAC300074DEEE /* CAPlayThrough.mm */,
				8E967F0D100FAC300074DEEE /* CAPlayThroughController.h */,
				8E967F0F100FAC300074DEEE /* AudioDevice.cpp */,
				8E967F10100FAC300074DEEE /* AudioDevice.h */,
				8E3ABCAA104AA34D00F2F441 /* AudioFile.h */,
				8E3ABCAB104AA34D00F2F441 /* AudioFile.cpp */,
				8E0423BC10527BAB0036B694 /* SimpleRingBuffer.h */,
				8E0423BD10527BAB0036B694 /* SimpleRingBuffer.cpp */,
			);
			name = coreaudio;
			sourceTree = "<group>";
		};
		8E967F40100FACB50074DEEE /* PublicUtility */ = {
			isa = PBXGroup;
			children = (
				8E3ABD04104AA6AF00F2F441 /* CADebugMacros.h */,
				8E3ABD05104AA6AF00F2F441 /* CADebugMacros.cpp */,
				8E3ABCD3104AA60700F2F441 /* AUBuffer.cpp */,
				8E3ABCD4104AA60700F2F441 /* AUBuffer.h */,
				8E89432D104054F900D285B8 /* CAComponentDescription.h */,
				8E89432E104054F900D285B8 /* CAComponentDescription.cpp */,
				8E89431A1040549E00D285B8 /* CAComponent.h */,
				8E89431B1040549E00D285B8 /* CAComponent.cpp */,
				8E967F48100FAD130074DEEE /* CABitOperations.h */,
				8E967F49100FAD130074DEEE /* CAStreamBasicDescription.cpp */,
				8E967F4A100FAD130074DEEE /* CAStreamBasicDescription.h */,
			);
			name = PublicUtility;
			sourceTree = "<group>";
		};
		8EA73504103C8A87004580FB /* iTunesListing */ = {
			isa = PBXGroup;
			children = (
				8EA73507103C8AEB004580FB /* iTunesListing.h */,
				8EA73508103C8AEB004580FB /* iTunesListing.m */,
			);
			name = iTunesListing;
			sourceTree = "<group>";
		};
		8EA73575103DBBEB004580FB /* EyeTunes */ = {
			isa = PBXGroup;
			children = (
				8EA73576103DBC20004580FB /* EyeTunesVersions.h */,
				8EA73577103DBC20004580FB /* EyeTunesEventCodes.h */,
				8EA73578103DBC20004580FB /* EyeTunes.h */,
				8EA73579103DBC20004580FB /* ETEyeTunes.h */,
				8EA7357A103DBC20004580FB /* ETEyeTunes.m */,
				8EA7357B103DBC20004580FB /* ETTrack.h */,
				8EA7357C103DBC20004580FB /* ETTrack.m */,
				8EA7357D103DBC20004580FB /* ETAppleEventObject.h */,
				8EA7357E103DBC20004580FB /* ETAppleEventObject.m */,
				8EA7357F103DBC20004580FB /* ETPlaylist.h */,
				8EA73580103DBC20004580FB /* ETPlaylist.m */,
				8EA73581103DBC20004580FB /* ETTrackEnumerator.h */,
				8EA73582103DBC20004580FB /* ETTrackEnumerator.m */,
				8EA73583103DBC20004580FB /* ETPlaylistEnumerator.h */,
				8EA73584103DBC20004580FB /* ETPlaylistEnumerator.m */,
				8EA73585103DBC20004580FB /* ETDebug.h */,
				8EA73586103DBC20004580FB /* ETDebug.m */,
				8EA73587103DBC20004580FB /* NSString+LongLongValue.h */,
				8EA73588103DBC20004580FB /* NSString+LongLongValue.m */,
			);
			name = EyeTunes;
			sourceTree = "<group>";
		};
		8EB5CFC510027E9F00018849 /* xwax */ = {
			isa = PBXGroup;
			children = (
				8E968026100FBE5C0074DEEE /* coreaudio.cpp */,
				8E968025100FBE5C0074DEEE /* coreaudio.h */,
				8EA3C5AF1016527400FAD50F /* device.c */,
				8EA3C5BA1016527400FAD50F /* device.h */,
				8EA3C5BB1016527400FAD50F /* interface.c */,
				8EA3C5B41016527400FAD50F /* interface.h */,
				8EA3C5B71016527400FAD50F /* library.c */,
				8EA3C5B61016527400FAD50F /* library.h */,
				8EA3C5B51016527400FAD50F /* listing.c */,
				8EA3C5B31016527400FAD50F /* listing.h */,
				8EA3C5B11016527400FAD50F /* pitch.c */,
				8EA3C5B21016527400FAD50F /* pitch.h */,
				8EA3C5B01016527400FAD50F /* player.c */,
				8EA3C5AE1016527400FAD50F /* player.h */,
				8EA3C5AD1016527400FAD50F /* rig.c */,
				8EA3C5AC1016527400FAD50F /* rig.h */,
				8EA3C5AB1016527400FAD50F /* timecoder.c */,
				8EA3C5AA1016527400FAD50F /* timecoder.h */,
				8EA3C5A71016527400FAD50F /* track.c */,
				8EA3C5A81016527400FAD50F /* track.h */,
				8EA3C5A91016527400FAD50F /* xwax.c */,
				8EA3C5A61016527400FAD50F /* xwax.h */,
				8E042032105051E20036B694 /* options.h */,
			);
			name = xwax;
			sourceTree = "<group>";
		};
		8ED0B3CF10401BFA002AF97C /* AU Window */ = {
			isa = PBXGroup;
			children = (
				8ED0B3D010401C2A002AF97C /* AUWindowController.h */,
				8ED0B3D110401C2A002AF97C /* AUWindowController.mm */,
				8ED0B3DA10401D26002AF97C /* AUWindow.xib */,
			);
			name = "AU Window";
			sourceTree = "<group>";
		};
/* End PBXGroup section */

/* Begin PBXNativeTarget section */
		8D1107260486CEB800E47090 /* xwaxMac */ = {
			isa = PBXNativeTarget;
			buildConfigurationList = C01FCF4A08A954540054247B /* Build configuration list for PBXNativeTarget "xwaxMac" */;
			buildPhases = (
				8D1107290486CEB800E47090 /* Resources */,
				8D11072C0486CEB800E47090 /* Sources */,
				8D11072E0486CEB800E47090 /* Frameworks */,
				8E708D37107A659900F23E4B /* CopyFiles */,
			);
			buildRules = (
			);
			dependencies = (
			);
			name = xwaxMac;
			productInstallPath = "$(HOME)/Applications";
			productName = xwaxMac;
			productReference = 8D1107320486CEB800E47090 /* xwaxMac.app */;
			productType = "com.apple.product-type.application";
		};
/* End PBXNativeTarget section */

/* Begin PBXProject section */
		29B97313FDCFA39411CA2CEA /* Project object */ = {
			isa = PBXProject;
			buildConfigurationList = C01FCF4E08A954540054247B /* Build configuration list for PBXProject "xwaxMac" */;
			compatibilityVersion = "Xcode 3.1";
			hasScannedForEncodings = 1;
			mainGroup = 29B97314FDCFA39411CA2CEA /* xwaxMac */;
			projectDirPath = "";
			projectRoot = "";
			targets = (
				8D1107260486CEB800E47090 /* xwaxMac */,
			);
		};
/* End PBXProject section */

/* Begin PBXResourcesBuildPhase section */
		8D1107290486CEB800E47090 /* Resources */ = {
			isa = PBXResourcesBuildPhase;
			buildActionMask = 2147483647;
			files = (
				8D11072B0486CEB800E47090 /* InfoPlist.strings in Resources */,
				1DDD58160DA1D0A300B32029 /* MainMenu.xib in Resources */,
				8ED0B3DB10401D26002AF97C /* AUWindow.xib in Resources */,
				8E30AF911056E3B800F581BD /* Preferences.xib in Resources */,
				8E30C79F1062E46900F581BD /* Vinyl_Red.icns in Resources */,
				8EC94832107D2BA800330A36 /* Vera.ttf in Resources */,
				8EC94833107D2BA800330A36 /* VeraIt.ttf in Resources */,
				8EC94834107D2BA800330A36 /* VeraMono.ttf in Resources */,
			);
			runOnlyForDeploymentPostprocessing = 0;
		};
/* End PBXResourcesBuildPhase section */

/* Begin PBXSourcesBuildPhase section */
		8D11072C0486CEB800E47090 /* Sources */ = {
			isa = PBXSourcesBuildPhase;
			buildActionMask = 2147483647;
			files = (
				8E967F12100FAC300074DEEE /* AudioDeviceList.cpp in Sources */,
				8E967F14100FAC300074DEEE /* CAPlayThrough.mm in Sources */,
				8E967F15100FAC300074DEEE /* AudioDevice.cpp in Sources */,
				8E967F4B100FAD130074DEEE /* CAStreamBasicDescription.cpp in Sources */,
				8E968027100FBE5C0074DEEE /* coreaudio.cpp in Sources */,
				8EA3C5BC1016527400FAD50F /* track.c in Sources */,
				8EA3C5BD1016527400FAD50F /* xwax.c in Sources */,
				8EA3C5BE1016527400FAD50F /* timecoder.c in Sources */,
				8EA3C5BF1016527400FAD50F /* rig.c in Sources */,
				8EA3C5C01016527400FAD50F /* device.c in Sources */,
				8EA3C5C11016527400FAD50F /* player.c in Sources */,
				8EA3C5C21016527400FAD50F /* pitch.c in Sources */,
				8EA3C5C31016527400FAD50F /* listing.c in Sources */,
				8EA3C5C41016527400FAD50F /* library.c in Sources */,
				8EA3C5C61016527400FAD50F /* interface.c in Sources */,
				8EA73509103C8AEB004580FB /* iTunesListing.m in Sources */,
				8EA73589103DBC20004580FB /* ETEyeTunes.m in Sources */,
				8EA7358A103DBC20004580FB /* ETTrack.m in Sources */,
				8EA7358B103DBC20004580FB /* ETAppleEventObject.m in Sources */,
				8EA7358C103DBC20004580FB /* ETPlaylist.m in Sources */,
				8EA7358D103DBC20004580FB /* ETTrackEnumerator.m in Sources */,
				8EA7358E103DBC20004580FB /* ETPlaylistEnumerator.m in Sources */,
				8EA7358F103DBC20004580FB /* ETDebug.m in Sources */,
				8EA73590103DBC20004580FB /* NSString+LongLongValue.m in Sources */,
				8ED0B3D210401C2A002AF97C /* AUWindowController.mm in Sources */,
				8E89431C1040549E00D285B8 /* CAComponent.cpp in Sources */,
				8E89432F104054F900D285B8 /* CAComponentDescription.cpp in Sources */,
				8E3ABCAC104AA34D00F2F441 /* AudioFile.cpp in Sources */,
				8E3ABCD5104AA60700F2F441 /* AUBuffer.cpp in Sources */,
				8E3ABD06104AA6AF00F2F441 /* CADebugMacros.cpp in Sources */,
				8E0423BE10527BAB0036B694 /* SimpleRingBuffer.cpp in Sources */,
				8E30AF921056E3B800F581BD /* PreferencesWindowController.mm in Sources */,
				8E30C0841060D43B00F581BD /* ReadPreferences.c in Sources */,
				8E708C4710790C3700F23E4B /* CARecord.cpp in Sources */,
				8E708D2D107A64FE00F23E4B /* SDLMain.m in Sources */,
				8EC9482C107D28A300330A36 /* AppHelpers.m in Sources */,
			);
			runOnlyForDeploymentPostprocessing = 0;
		};
/* End PBXSourcesBuildPhase section */

/* Begin PBXVariantGroup section */
		089C165CFE840E0CC02AAC07 /* InfoPlist.strings */ = {
			isa = PBXVariantGroup;
			children = (
				089C165DFE840E0CC02AAC07 /* English */,
			);
			name = InfoPlist.strings;
			sourceTree = "<group>";
		};
		1DDD58140DA1D0A300B32029 /* MainMenu.xib */ = {
			isa = PBXVariantGroup;
			children = (
				1DDD58150DA1D0A300B32029 /* English */,
			);
			name = MainMenu.xib;
			sourceTree = "<group>";
		};
/* End PBXVariantGroup section */

/* Begin XCBuildConfiguration section */
		C01FCF4B08A954540054247B /* Debug */ = {
			isa = XCBuildConfiguration;
			buildSettings = {
				ALWAYS_SEARCH_USER_PATHS = NO;
				COPY_PHASE_STRIP = NO;
				FRAMEWORK_SEARCH_PATHS = (
					"$(inherited)",
					"\"$(SRCROOT)/../../Downloads/EyeTunes-1.3.2/build/Debug\"",
				);
				GCC_DYNAMIC_NO_PIC = NO;
				GCC_ENABLE_FIX_AND_CONTINUE = YES;
				GCC_MODEL_TUNING = G5;
				GCC_OPTIMIZATION_LEVEL = 0;
				GCC_PRECOMPILE_PREFIX_HEADER = YES;
				GCC_PREFIX_HEADER = xwaxMac_Prefix.pch;
				INFOPLIST_FILE = Info.plist;
				INSTALL_PATH = "$(HOME)/Applications";
				PRODUCT_NAME = xwaxMac;
			};
			name = Debug;
		};
		C01FCF4C08A954540054247B /* Release */ = {
			isa = XCBuildConfiguration;
			buildSettings = {
				ALWAYS_SEARCH_USER_PATHS = NO;
				DEBUG_INFORMATION_FORMAT = "dwarf-with-dsym";
				FRAMEWORK_SEARCH_PATHS = (
					"$(inherited)",
					"\"$(SRCROOT)/../../Downloads/EyeTunes-1.3.2/build/Debug\"",
				);
				GCC_MODEL_TUNING = G5;
				GCC_PRECOMPILE_PREFIX_HEADER = YES;
				GCC_PREFIX_HEADER = xwaxMac_Prefix.pch;
				INFOPLIST_FILE = Info.plist;
				INSTALL_PATH = "$(HOME)/Applications";
				PRODUCT_NAME = xwaxMac;
			};
			name = Release;
		};
		C01FCF4F08A954540054247B /* Debug */ = {
			isa = XCBuildConfiguration;
			buildSettings = {
				ARCHS = "$(ARCHS_STANDARD_32_BIT)";
				GCC_C_LANGUAGE_STANDARD = c99;
				GCC_OPTIMIZATION_LEVEL = 0;
				GCC_WARN_ABOUT_RETURN_TYPE = YES;
				GCC_WARN_PEDANTIC = NO;
				GCC_WARN_TYPECHECK_CALLS_TO_PRINTF = YES;
				GCC_WARN_UNUSED_VALUE = YES;
				GCC_WARN_UNUSED_VARIABLE = YES;
				HEADER_SEARCH_PATHS = (
					/Library/Frameworks/SDL.framework/Headers/,
					/Library/Frameworks/SDL_ttf.framework/Headers/,
				);
				MACOSX_DEPLOYMENT_TARGET = 10.4;
				ONLY_ACTIVE_ARCH = NO;
				OTHER_LDFLAGS = "";
				PREBINDING = NO;
				SDKROOT = macosx10.5;
			};
			name = Debug;
		};
		C01FCF5008A954540054247B /* Release */ = {
			isa = XCBuildConfiguration;
			buildSettings = {
				ARCHS = "$(ARCHS_STANDARD_32_BIT)";
				GCC_C_LANGUAGE_STANDARD = c99;
				GCC_WARN_ABOUT_RETURN_TYPE = YES;
				GCC_WARN_PEDANTIC = NO;
				GCC_WARN_TYPECHECK_CALLS_TO_PRINTF = YES;
				GCC_WARN_UNUSED_VALUE = YES;
				GCC_WARN_UNUSED_VARIABLE = YES;
				HEADER_SEARCH_PATHS = (
					/Library/Frameworks/SDL.framework/Headers/,
					/Library/Frameworks/SDL_ttf.framework/Headers/,
				);
				MACOSX_DEPLOYMENT_TARGET = 10.4;
				ONLY_ACTIVE_ARCH = NO;
				OTHER_LDFLAGS = "";
				PREBINDING = NO;
				SDKROOT = macosx10.5;
			};
			name = Release;
		};
/* End XCBuildConfiguration section */

/* Begin XCConfigurationList section */
		C01FCF4A08A954540054247B /* Build configuration list for PBXNativeTarget "xwaxMac" */ = {
			isa = XCConfigurationList;
			buildConfigurations = (
				C01FCF4B08A954540054247B /* Debug */,
				C01FCF4C08A954540054247B /* Release */,
			);
			defaultConfigurationIsVisible = 0;
			defaultConfigurationName = Release;
		};
		C01FCF4E08A954540054247B /* Build configuration list for PBXProject "xwaxMac" */ = {
			isa = XCConfigurationList;
			buildConfigurations = (
				C01FCF4F08A954540054247B /* Debug */,
				C01FCF5008A954540054247B /* Release */,
			);
			defaultConfigurationIsVisible = 0;
			defaultConfigurationName = Release;
		};
/* End XCConfigurationList section */
	};
	rootObject = 29B97313FDCFA39411CA2CEA /* Project object */;
}
